// !$*UTF8*$!
{
	archiveVersion = 1;
	classes = {
	};
	objectVersion = 46;
	objects = {

/* Begin PBXBuildFile section */
		05AC72AB1899FA1D0060D03F /* Foundation.framework in Frameworks */ = {isa = PBXBuildFile; fileRef = 05AC72AA1899FA1D0060D03F /* Foundation.framework */; };
		05AC72AD1899FA1D0060D03F /* CoreGraphics.framework in Frameworks */ = {isa = PBXBuildFile; fileRef = 05AC72AC1899FA1D0060D03F /* CoreGraphics.framework */; };
		05AC72AF1899FA1D0060D03F /* UIKit.framework in Frameworks */ = {isa = PBXBuildFile; fileRef = 05AC72AE1899FA1D0060D03F /* UIKit.framework */; };
		05AC72B51899FA1D0060D03F /* InfoPlist.strings in Resources */ = {isa = PBXBuildFile; fileRef = 05AC72B31899FA1D0060D03F /* InfoPlist.strings */; };
		05AC72B71899FA1D0060D03F /* main.m in Sources */ = {isa = PBXBuildFile; fileRef = 05AC72B61899FA1D0060D03F /* main.m */; };
		05AC72BB1899FA1D0060D03F /* BLEBondAppDelegate.m in Sources */ = {isa = PBXBuildFile; fileRef = 05AC72BA1899FA1D0060D03F /* BLEBondAppDelegate.m */; };
		05AC72BE1899FA1D0060D03F /* Main.storyboard in Resources */ = {isa = PBXBuildFile; fileRef = 05AC72BC1899FA1D0060D03F /* Main.storyboard */; };
		05AC72C11899FA1D0060D03F /* BLEBondViewController.m in Sources */ = {isa = PBXBuildFile; fileRef = 05AC72C01899FA1D0060D03F /* BLEBondViewController.m */; };
		05AC72C31899FA1D0060D03F /* Images.xcassets in Resources */ = {isa = PBXBuildFile; fileRef = 05AC72C21899FA1D0060D03F /* Images.xcassets */; };
		05AC72CA1899FA1D0060D03F /* XCTest.framework in Frameworks */ = {isa = PBXBuildFile; fileRef = 05AC72C91899FA1D0060D03F /* XCTest.framework */; };
		05AC72CB1899FA1D0060D03F /* Foundation.framework in Frameworks */ = {isa = PBXBuildFile; fileRef = 05AC72AA1899FA1D0060D03F /* Foundation.framework */; };
		05AC72CC1899FA1D0060D03F /* UIKit.framework in Frameworks */ = {isa = PBXBuildFile; fileRef = 05AC72AE1899FA1D0060D03F /* UIKit.framework */; };
		05AC72D41899FA1D0060D03F /* InfoPlist.strings in Resources */ = {isa = PBXBuildFile; fileRef = 05AC72D21899FA1D0060D03F /* InfoPlist.strings */; };
		05AC72D61899FA1D0060D03F /* BLEBondTests.m in Sources */ = {isa = PBXBuildFile; fileRef = 05AC72D51899FA1D0060D03F /* BLEBondTests.m */; };
		05AC72E01899FCF90060D03F /* CoreBluetooth.framework in Frameworks */ = {isa = PBXBuildFile; fileRef = 05AC72DF1899FCF90060D03F /* CoreBluetooth.framework */; };
		05AC72E4189A1D750060D03F /* CBUUID+StringValue.m in Sources */ = {isa = PBXBuildFile; fileRef = 05AC72E3189A1D750060D03F /* CBUUID+StringValue.m */; };
/* End PBXBuildFile section */

/* Begin PBXContainerItemProxy section */
		05AC72CD1899FA1D0060D03F /* PBXContainerItemProxy */ = {
			isa = PBXContainerItemProxy;
			containerPortal = 05AC729F1899FA1D0060D03F /* Project object */;
			proxyType = 1;
			remoteGlobalIDString = 05AC72A61899FA1D0060D03F;
			remoteInfo = BLEBond;
		};
/* End PBXContainerItemProxy section */

/* Begin PBXFileReference section */
		05AC72A71899FA1D0060D03F /* BLEBond.app */ = {isa = PBXFileReference; explicitFileType = wrapper.application; includeInIndex = 0; path = BLEBond.app; sourceTree = BUILT_PRODUCTS_DIR; };
		05AC72AA1899FA1D0060D03F /* Foundation.framework */ = {isa = PBXFileReference; lastKnownFileType = wrapper.framework; name = Foundation.framework; path = System/Library/Frameworks/Foundation.framework; sourceTree = SDKROOT; };
		05AC72AC1899FA1D0060D03F /* CoreGraphics.framework */ = {isa = PBXFileReference; lastKnownFileType = wrapper.framework; name = CoreGraphics.framework; path = System/Library/Frameworks/CoreGraphics.framework; sourceTree = SDKROOT; };
		05AC72AE1899FA1D0060D03F /* UIKit.framework */ = {isa = PBXFileReference; lastKnownFileType = wrapper.framework; name = UIKit.framework; path = System/Library/Frameworks/UIKit.framework; sourceTree = SDKROOT; };
		05AC72B21899FA1D0060D03F /* BLEBond-Info.plist */ = {isa = PBXFileReference; lastKnownFileType = text.plist.xml; path = "BLEBond-Info.plist"; sourceTree = "<group>"; };
		05AC72B41899FA1D0060D03F /* en */ = {isa = PBXFileReference; lastKnownFileType = text.plist.strings; name = en; path = en.lproj/InfoPlist.strings; sourceTree = "<group>"; };
		05AC72B61899FA1D0060D03F /* main.m */ = {isa = PBXFileReference; lastKnownFileType = sourcecode.c.objc; path = main.m; sourceTree = "<group>"; };
		05AC72B81899FA1D0060D03F /* BLEBond-Prefix.pch */ = {isa = PBXFileReference; lastKnownFileType = sourcecode.c.h; path = "BLEBond-Prefix.pch"; sourceTree = "<group>"; };
		05AC72B91899FA1D0060D03F /* BLEBondAppDelegate.h */ = {isa = PBXFileReference; lastKnownFileType = sourcecode.c.h; path = BLEBondAppDelegate.h; sourceTree = "<group>"; };
		05AC72BA1899FA1D0060D03F /* BLEBondAppDelegate.m */ = {isa = PBXFileReference; lastKnownFileType = sourcecode.c.objc; path = BLEBondAppDelegate.m; sourceTree = "<group>"; };
		05AC72BD1899FA1D0060D03F /* Base */ = {isa = PBXFileReference; lastKnownFileType = file.storyboard; name = Base; path = Base.lproj/Main.storyboard; sourceTree = "<group>"; };
		05AC72BF1899FA1D0060D03F /* BLEBondViewController.h */ = {isa = PBXFileReference; lastKnownFileType = sourcecode.c.h; path = BLEBondViewController.h; sourceTree = "<group>"; };
		05AC72C01899FA1D0060D03F /* BLEBondViewController.m */ = {isa = PBXFileReference; lastKnownFileType = sourcecode.c.objc; path = BLEBondViewController.m; sourceTree = "<group>"; };
		05AC72C21899FA1D0060D03F /* Images.xcassets */ = {isa = PBXFileReference; lastKnownFileType = folder.assetcatalog; path = Images.xcassets; sourceTree = "<group>"; };
		05AC72C81899FA1D0060D03F /* BLEBondTests.xctest */ = {isa = PBXFileReference; explicitFileType = wrapper.cfbundle; includeInIndex = 0; path = BLEBondTests.xctest; sourceTree = BUILT_PRODUCTS_DIR; };
		05AC72C91899FA1D0060D03F /* XCTest.framework */ = {isa = PBXFileReference; lastKnownFileType = wrapper.framework; name = XCTest.framework; path = Library/Frameworks/XCTest.framework; sourceTree = DEVELOPER_DIR; };
		05AC72D11899FA1D0060D03F /* BLEBondTests-Info.plist */ = {isa = PBXFileReference; lastKnownFileType = text.plist.xml; path = "BLEBondTests-Info.plist"; sourceTree = "<group>"; };
		05AC72D31899FA1D0060D03F /* en */ = {isa = PBXFileReference; lastKnownFileType = text.plist.strings; name = en; path = en.lproj/InfoPlist.strings; sourceTree = "<group>"; };
		05AC72D51899FA1D0060D03F /* BLEBondTests.m */ = {isa = PBXFileReference; lastKnownFileType = sourcecode.c.objc; path = BLEBondTests.m; sourceTree = "<group>"; };
		05AC72DF1899FCF90060D03F /* CoreBluetooth.framework */ = {isa = PBXFileReference; lastKnownFileType = wrapper.framework; name = CoreBluetooth.framework; path = System/Library/Frameworks/CoreBluetooth.framework; sourceTree = SDKROOT; };
		05AC72E2189A1D750060D03F /* CBUUID+StringValue.h */ = {isa = PBXFileReference; fileEncoding = 4; lastKnownFileType = sourcecode.c.h; path = "CBUUID+StringValue.h"; sourceTree = "<group>"; };
		05AC72E3189A1D750060D03F /* CBUUID+StringValue.m */ = {isa = PBXFileReference; fileEncoding = 4; lastKnownFileType = sourcecode.c.objc; path = "CBUUID+StringValue.m"; sourceTree = "<group>"; };
/* End PBXFileReference section */

/* Begin PBXFrameworksBuildPhase section */
		05AC72A41899FA1D0060D03F /* Frameworks */ = {
			isa = PBXFrameworksBuildPhase;
			buildActionMask = 2147483647;
			files = (
				05AC72E01899FCF90060D03F /* CoreBluetooth.framework in Frameworks */,
				05AC72AD1899FA1D0060D03F /* CoreGraphics.framework in Frameworks */,
				05AC72AF1899FA1D0060D03F /* UIKit.framework in Frameworks */,
				05AC72AB1899FA1D0060D03F /* Foundation.framework in Frameworks */,
			);
			runOnlyForDeploymentPostprocessing = 0;
		};
		05AC72C51899FA1D0060D03F /* Frameworks */ = {
			isa = PBXFrameworksBuildPhase;
			buildActionMask = 2147483647;
			files = (
				05AC72CA1899FA1D0060D03F /* XCTest.framework in Frameworks */,
				05AC72CC1899FA1D0060D03F /* UIKit.framework in Frameworks */,
				05AC72CB1899FA1D0060D03F /* Foundation.framework in Frameworks */,
			);
			runOnlyForDeploymentPostprocessing = 0;
		};
/* End PBXFrameworksBuildPhase section */

/* Begin PBXGroup section */
		05AC729E1899FA1D0060D03F = {
			isa = PBXGroup;
			children = (
				05AC72B01899FA1D0060D03F /* BLEBond */,
				05AC72CF1899FA1D0060D03F /* BLEBondTests */,
				05AC72A91899FA1D0060D03F /* Frameworks */,
				05AC72A81899FA1D0060D03F /* Products */,
			);
			sourceTree = "<group>";
		};
		05AC72A81899FA1D0060D03F /* Products */ = {
			isa = PBXGroup;
			children = (
				05AC72A71899FA1D0060D03F /* BLEBond.app */,
				05AC72C81899FA1D0060D03F /* BLEBondTests.xctest */,
			);
			name = Products;
			sourceTree = "<group>";
		};
		05AC72A91899FA1D0060D03F /* Frameworks */ = {
			isa = PBXGroup;
			children = (
				05AC72DF1899FCF90060D03F /* CoreBluetooth.framework */,
				05AC72AA1899FA1D0060D03F /* Foundation.framework */,
				05AC72AC1899FA1D0060D03F /* CoreGraphics.framework */,
				05AC72AE1899FA1D0060D03F /* UIKit.framework */,
				05AC72C91899FA1D0060D03F /* XCTest.framework */,
			);
			name = Frameworks;
			sourceTree = "<group>";
		};
		05AC72B01899FA1D0060D03F /* BLEBond */ = {
			isa = PBXGroup;
			children = (
				05AC72E2189A1D750060D03F /* CBUUID+StringValue.h */,
				05AC72E3189A1D750060D03F /* CBUUID+StringValue.m */,
				05AC72B91899FA1D0060D03F /* BLEBondAppDelegate.h */,
				05AC72BA1899FA1D0060D03F /* BLEBondAppDelegate.m */,
				05AC72BC1899FA1D0060D03F /* Main.storyboard */,
				05AC72BF1899FA1D0060D03F /* BLEBondViewController.h */,
				05AC72C01899FA1D0060D03F /* BLEBondViewController.m */,
				05AC72C21899FA1D0060D03F /* Images.xcassets */,
				05AC72B11899FA1D0060D03F /* Supporting Files */,
			);
			path = BLEBond;
			sourceTree = "<group>";
		};
		05AC72B11899FA1D0060D03F /* Supporting Files */ = {
			isa = PBXGroup;
			children = (
				05AC72B21899FA1D0060D03F /* BLEBond-Info.plist */,
				05AC72B31899FA1D0060D03F /* InfoPlist.strings */,
				05AC72B61899FA1D0060D03F /* main.m */,
				05AC72B81899FA1D0060D03F /* BLEBond-Prefix.pch */,
			);
			name = "Supporting Files";
			sourceTree = "<group>";
		};
		05AC72CF1899FA1D0060D03F /* BLEBondTests */ = {
			isa = PBXGroup;
			children = (
				05AC72D51899FA1D0060D03F /* BLEBondTests.m */,
				05AC72D01899FA1D0060D03F /* Supporting Files */,
			);
			path = BLEBondTests;
			sourceTree = "<group>";
		};
		05AC72D01899FA1D0060D03F /* Supporting Files */ = {
			isa = PBXGroup;
			children = (
				05AC72D11899FA1D0060D03F /* BLEBondTests-Info.plist */,
				05AC72D21899FA1D0060D03F /* InfoPlist.strings */,
			);
			name = "Supporting Files";
			sourceTree = "<group>";
		};
/* End PBXGroup section */

/* Begin PBXNativeTarget section */
		05AC72A61899FA1D0060D03F /* BLEBond */ = {
			isa = PBXNativeTarget;
			buildConfigurationList = 05AC72D91899FA1D0060D03F /* Build configuration list for PBXNativeTarget "BLEBond" */;
			buildPhases = (
				05AC72A31899FA1D0060D03F /* Sources */,
				05AC72A41899FA1D0060D03F /* Frameworks */,
				05AC72A51899FA1D0060D03F /* Resources */,
			);
			buildRules = (
			);
			dependencies = (
			);
			name = BLEBond;
			productName = BLEBond;
			productReference = 05AC72A71899FA1D0060D03F /* BLEBond.app */;
			productType = "com.apple.product-type.application";
		};
		05AC72C71899FA1D0060D03F /* BLEBondTests */ = {
			isa = PBXNativeTarget;
			buildConfigurationList = 05AC72DC1899FA1D0060D03F /* Build configuration list for PBXNativeTarget "BLEBondTests" */;
			buildPhases = (
				05AC72C41899FA1D0060D03F /* Sources */,
				05AC72C51899FA1D0060D03F /* Frameworks */,
				05AC72C61899FA1D0060D03F /* Resources */,
			);
			buildRules = (
			);
			dependencies = (
				05AC72CE1899FA1D0060D03F /* PBXTargetDependency */,
			);
			name = BLEBondTests;
			productName = BLEBondTests;
			productReference = 05AC72C81899FA1D0060D03F /* BLEBondTests.xctest */;
			productType = "com.apple.product-type.bundle.unit-test";
		};
/* End PBXNativeTarget section */

/* Begin PBXProject section */
		05AC729F1899FA1D0060D03F /* Project object */ = {
			isa = PBXProject;
			attributes = {
				CLASSPREFIX = BLEBond;
				LastUpgradeCheck = 0500;
				ORGANIZATIONNAME = gnos.us;
				TargetAttributes = {
					05AC72C71899FA1D0060D03F = {
						TestTargetID = 05AC72A61899FA1D0060D03F;
					};
				};
			};
			buildConfigurationList = 05AC72A21899FA1D0060D03F /* Build configuration list for PBXProject "BLEBond" */;
			compatibilityVersion = "Xcode 3.2";
			developmentRegion = English;
			hasScannedForEncodings = 0;
			knownRegions = (
				en,
				Base,
			);
			mainGroup = 05AC729E1899FA1D0060D03F;
			productRefGroup = 05AC72A81899FA1D0060D03F /* Products */;
			projectDirPath = "";
			projectRoot = "";
			targets = (
				05AC72A61899FA1D0060D03F /* BLEBond */,
				05AC72C71899FA1D0060D03F /* BLEBondTests */,
			);
		};
/* End PBXProject section */

/* Begin PBXResourcesBuildPhase section */
		05AC72A51899FA1D0060D03F /* Resources */ = {
			isa = PBXResourcesBuildPhase;
			buildActionMask = 2147483647;
			files = (
				05AC72C31899FA1D0060D03F /* Images.xcassets in Resources */,
				05AC72B51899FA1D0060D03F /* InfoPlist.strings in Resources */,
				05AC72BE1899FA1D0060D03F /* Main.storyboard in Resources */,
			);
			runOnlyForDeploymentPostprocessing = 0;
		};
		05AC72C61899FA1D0060D03F /* Resources */ = {
			isa = PBXResourcesBuildPhase;
			buildActionMask = 2147483647;
			files = (
				05AC72D41899FA1D0060D03F /* InfoPlist.strings in Resources */,
			);
			runOnlyForDeploymentPostprocessing = 0;
		};
/* End PBXResourcesBuildPhase section */

/* Begin PBXSourcesBuildPhase section */
		05AC72A31899FA1D0060D03F /* Sources */ = {
			isa = PBXSourcesBuildPhase;
			buildActionMask = 2147483647;
			files = (
				05AC72B71899FA1D0060D03F /* main.m in Sources */,
				05AC72BB1899FA1D0060D03F /* BLEBondAppDelegate.m in Sources */,
				05AC72E4189A1D750060D03F /* CBUUID+StringValue.m in Sources */,
				05AC72C11899FA1D0060D03F /* BLEBondViewController.m in Sources */,
			);
			runOnlyForDeploymentPostprocessing = 0;
		};
		05AC72C41899FA1D0060D03F /* Sources */ = {
			isa = PBXSourcesBuildPhase;
			buildActionMask = 2147483647;
			files = (
				05AC72D61899FA1D0060D03F /* BLEBondTests.m in Sources */,
			);
			runOnlyForDeploymentPostprocessing = 0;
		};
/* End PBXSourcesBuildPhase section */

/* Begin PBXTargetDependency section */
		05AC72CE1899FA1D0060D03F /* PBXTargetDependency */ = {
			isa = PBXTargetDependency;
			target = 05AC72A61899FA1D0060D03F /* BLEBond */;
			targetProxy = 05AC72CD1899FA1D0060D03F /* PBXContainerItemProxy */;
		};
/* End PBXTargetDependency section */

/* Begin PBXVariantGroup section */
		05AC72B31899FA1D0060D03F /* InfoPlist.strings */ = {
			isa = PBXVariantGroup;
			children = (
				05AC72B41899FA1D0060D03F /* en */,
			);
			name = InfoPlist.strings;
			sourceTree = "<group>";
		};
		05AC72BC1899FA1D0060D03F /* Main.storyboard */ = {
			isa = PBXVariantGroup;
			children = (
				05AC72BD1899FA1D0060D03F /* Base */,
			);
			name = Main.storyboard;
			sourceTree = "<group>";
		};
		05AC72D21899FA1D0060D03F /* InfoPlist.strings */ = {
			isa = PBXVariantGroup;
			children = (
				05AC72D31899FA1D0060D03F /* en */,
			);
			name = InfoPlist.strings;
			sourceTree = "<group>";
		};
/* End PBXVariantGroup section */

/* Begin XCBuildConfiguration section */
		05AC72D71899FA1D0060D03F /* Debug */ = {
			isa = XCBuildConfiguration;
			buildSettings = {
				ALWAYS_SEARCH_USER_PATHS = NO;
				ARCHS = "$(ARCHS_STANDARD_INCLUDING_64_BIT)";
				CLANG_CXX_LANGUAGE_STANDARD = "gnu++0x";
				CLANG_CXX_LIBRARY = "libc++";
				CLANG_ENABLE_MODULES = YES;
				CLANG_ENABLE_OBJC_ARC = YES;
				CLANG_WARN_BOOL_CONVERSION = YES;
				CLANG_WARN_CONSTANT_CONVERSION = YES;
				CLANG_WARN_DIRECT_OBJC_ISA_USAGE = YES_ERROR;
				CLANG_WARN_EMPTY_BODY = YES;
				CLANG_WARN_ENUM_CONVERSION = YES;
				CLANG_WARN_INT_CONVERSION = YES;
				CLANG_WARN_OBJC_ROOT_CLASS = YES_ERROR;
				CLANG_WARN__DUPLICATE_METHOD_MATCH = YES;
				"CODE_SIGN_IDENTITY[sdk=iphoneos*]" = "iPhone Developer";
				COPY_PHASE_STRIP = NO;
				GCC_C_LANGUAGE_STANDARD = gnu99;
				GCC_DYNAMIC_NO_PIC = NO;
				GCC_OPTIMIZATION_LEVEL = 0;
				GCC_PREPROCESSOR_DEFINITIONS = (
					"DEBUG=1",
					"$(inherited)",
				);
				GCC_SYMBOLS_PRIVATE_EXTERN = NO;
				GCC_WARN_64_TO_32_BIT_CONVERSION = YES;
				GCC_WARN_ABOUT_RETURN_TYPE = YES_ERROR;
				GCC_WARN_UNDECLARED_SELECTOR = YES;
				GCC_WARN_UNINITIALIZED_AUTOS = YES;
				GCC_WARN_UNUSED_FUNCTION = YES;
				GCC_WARN_UNUSED_VARIABLE = YES;
				IPHONEOS_DEPLOYMENT_TARGET = 7.0;
				ONLY_ACTIVE_ARCH = YES;
				SDKROOT = iphoneos;
			};
			name = Debug;
		};
		05AC72D81899FA1D0060D03F /* Release */ = {
			isa = XCBuildConfiguration;
			buildSettings = {
				ALWAYS_SEARCH_USER_PATHS = NO;
				ARCHS = "$(ARCHS_STANDARD_INCLUDING_64_BIT)";
				CLANG_CXX_LANGUAGE_STANDARD = "gnu++0x";
				CLANG_CXX_LIBRARY = "libc++";
				CLANG_ENABLE_MODULES = YES;
				CLANG_ENABLE_OBJC_ARC = YES;
				CLANG_WARN_BOOL_CONVERSION = YES;
				CLANG_WARN_CONSTANT_CONVERSION = YES;
				CLANG_WARN_DIRECT_OBJC_ISA_USAGE = YES_ERROR;
				CLANG_WARN_EMPTY_BODY = YES;
				CLANG_WARN_ENUM_CONVERSION = YES;
				CLANG_WARN_INT_CONVERSION = YES;
				CLANG_WARN_OBJC_ROOT_CLASS = YES_ERROR;
				CLANG_WARN__DUPLICATE_METHOD_MATCH = YES;
				"CODE_SIGN_IDENTITY[sdk=iphoneos*]" = "iPhone Developer";
				COPY_PHASE_STRIP = YES;
				ENABLE_NS_ASSERTIONS = NO;
				GCC_C_LANGUAGE_STANDARD = gnu99;
				GCC_WARN_64_TO_32_BIT_CONVERSION = YES;
				GCC_WARN_ABOUT_RETURN_TYPE = YES_ERROR;
				GCC_WARN_UNDECLARED_SELECTOR = YES;
				GCC_WARN_UNINITIALIZED_AUTOS = YES;
				GCC_WARN_UNUSED_FUNCTION = YES;
				GCC_WARN_UNUSED_VARIABLE = YES;
				IPHONEOS_DEPLOYMENT_TARGET = 7.0;
				SDKROOT = iphoneos;
				VALIDATE_PRODUCT = YES;
			};
			name = Release;
		};
		05AC72DA1899FA1D0060D03F /* Debug */ = {
			isa = XCBuildConfiguration;
			buildSettings = {
				ASSETCATALOG_COMPILER_APPICON_NAME = AppIcon;
				ASSETCATALOG_COMPILER_LAUNCHIMAGE_NAME = LaunchImage;
				GCC_PRECOMPILE_PREFIX_HEADER = YES;
				GCC_PREFIX_HEADER = "BLEBond/BLEBond-Prefix.pch";
				INFOPLIST_FILE = "BLEBond/BLEBond-Info.plist";
				PRODUCT_NAME = "$(TARGET_NAME)";
				WRAPPER_EXTENSION = app;
			};
			name = Debug;
		};
		05AC72DB1899FA1D0060D03F /* Release */ = {
			isa = XCBuildConfiguration;
			buildSettings = {
				ASSETCATALOG_COMPILER_APPICON_NAME = AppIcon;
				ASSETCATALOG_COMPILER_LAUNCHIMAGE_NAME = LaunchImage;
				GCC_PRECOMPILE_PREFIX_HEADER = YES;
				GCC_PREFIX_HEADER = "BLEBond/BLEBond-Prefix.pch";
				INFOPLIST_FILE = "BLEBond/BLEBond-Info.plist";
				PRODUCT_NAME = "$(TARGET_NAME)";
				WRAPPER_EXTENSION = app;
			};
			name = Release;
		};
		05AC72DD1899FA1D0060D03F /* Debug */ = {
			isa = XCBuildConfiguration;
			buildSettings = {
				ARCHS = "$(ARCHS_STANDARD_INCLUDING_64_BIT)";
				BUNDLE_LOADER = "$(BUILT_PRODUCTS_DIR)/BLEBond.app/BLEBond";
				FRAMEWORK_SEARCH_PATHS = (
					"$(SDKROOT)/Developer/Library/Frameworks",
					"$(inherited)",
					"$(DEVELOPER_FRAMEWORKS_DIR)",
				);
				GCC_PRECOMPILE_PREFIX_HEADER = YES;
				GCC_PREFIX_HEADER = "BLEBond/BLEBond-Prefix.pch";
				GCC_PREPROCESSOR_DEFINITIONS = (
					"DEBUG=1",
					"$(inherited)",
				);
				INFOPLIST_FILE = "BLEBondTests/BLEBondTests-Info.plist";
				PRODUCT_NAME = "$(TARGET_NAME)";
				TEST_HOST = "$(BUNDLE_LOADER)";
				WRAPPER_EXTENSION = xctest;
			};
			name = Debug;
		};
		05AC72DE1899FA1D0060D03F /* Release */ = {
			isa = XCBuildConfiguration;
			buildSettings = {
				ARCHS = "$(ARCHS_STANDARD_INCLUDING_64_BIT)";
				BUNDLE_LOADER = "$(BUILT_PRODUCTS_DIR)/BLEBond.app/BLEBond";
				FRAMEWORK_SEARCH_PATHS = (
					"$(SDKROOT)/Developer/Library/Frameworks",
					"$(inherited)",
					"$(DEVELOPER_FRAMEWORKS_DIR)",
				);
				GCC_PRECOMPILE_PREFIX_HEADER = YES;
				GCC_PREFIX_HEADER = "BLEBond/BLEBond-Prefix.pch";
				INFOPLIST_FILE = "BLEBondTests/BLEBondTests-Info.plist";
				PRODUCT_NAME = "$(TARGET_NAME)";
				TEST_HOST = "$(BUNDLE_LOADER)";
				WRAPPER_EXTENSION = xctest;
			};
			name = Release;
		};
/* End XCBuildConfiguration section */

/* Begin XCConfigurationList section */
		05AC72A21899FA1D0060D03F /* Build configuration list for PBXProject "BLEBond" */ = {
			isa = XCConfigurationList;
			buildConfigurations = (
				05AC72D71899FA1D0060D03F /* Debug */,
				05AC72D81899FA1D0060D03F /* Release */,
			);
			defaultConfigurationIsVisible = 0;
			defaultConfigurationName = Release;
		};
		05AC72D91899FA1D0060D03F /* Build configuration list for PBXNativeTarget "BLEBond" */ = {
			isa = XCConfigurationList;
			buildConfigurations = (
				05AC72DA1899FA1D0060D03F /* Debug */,
				05AC72DB1899FA1D0060D03F /* Release */,
			);
			defaultConfigurationIsVisible = 0;
		};
		05AC72DC1899FA1D0060D03F /* Build configuration list for PBXNativeTarget "BLEBondTests" */ = {
			isa = XCConfigurationList;
			buildConfigurations = (
				05AC72DD1899FA1D0060D03F /* Debug */,
				05AC72DE1899FA1D0060D03F /* Release */,
			);
			defaultConfigurationIsVisible = 0;
		};
/* End XCConfigurationList section */
	};
	rootObject = 05AC729F1899FA1D0060D03F /* Project object */;
}
